PODS:
  - CGRectExtensions (2.0)
  - PathFinder (0.1.0)

DEPENDENCIES:
  - CGRectExtensions
  - PathFinder (from `../`)

EXTERNAL SOURCES:
  PathFinder:
    :path: ../

SPEC CHECKSUMS:
  CGRectExtensions: 67fa367a91d537bc2fcdd97069a66262777d1412
  PathFinder: fe6332c458930e450739f59ec7802c4266f034b5

COCOAPODS: 0.38.2
